// !$*UTF8*$!
{
	archiveVersion = 1;
	classes = {
	};
	objectVersion = 46;
	objects = {

/* Begin PBXBuildFile section */
		925726A91E820D2A00A6B912 /* AppDelegate.swift in Sources */ = {isa = PBXBuildFile; fileRef = 925726A81E820D2A00A6B912 /* AppDelegate.swift */; };
		925726AB1E820D2A00A6B912 /* ViewController.swift in Sources */ = {isa = PBXBuildFile; fileRef = 925726AA1E820D2A00A6B912 /* ViewController.swift */; };
		925726AE1E820D2A00A6B912 /* Main.storyboard in Resources */ = {isa = PBXBuildFile; fileRef = 925726AC1E820D2A00A6B912 /* Main.storyboard */; };
		925726B01E820D2A00A6B912 /* Assets.xcassets in Resources */ = {isa = PBXBuildFile; fileRef = 925726AF1E820D2A00A6B912 /* Assets.xcassets */; };
		925726B31E820D2A00A6B912 /* LaunchScreen.storyboard in Resources */ = {isa = PBXBuildFile; fileRef = 925726B11E820D2A00A6B912 /* LaunchScreen.storyboard */; };
/* End PBXBuildFile section */

/* Begin PBXFileReference section */
		925726A51E820D2A00A6B912 /* LoginHelper.app */ = {isa = PBXFileReference; explicitFileType = wrapper.application; includeInIndex = 0; path = LoginHelper.app; sourceTree = BUILT_PRODUCTS_DIR; };
		925726A81E820D2A00A6B912 /* AppDelegate.swift */ = {isa = PBXFileReference; lastKnownFileType = sourcecode.swift; path = AppDelegate.swift; sourceTree = "<group>"; };
		925726AA1E820D2A00A6B912 /* ViewController.swift */ = {isa = PBXFileReference; lastKnownFileType = sourcecode.swift; path = ViewController.swift; sourceTree = "<group>"; };
		925726AD1E820D2A00A6B912 /* Base */ = {isa = PBXFileReference; lastKnownFileType = file.storyboard; name = Base; path = Base.lproj/Main.storyboard; sourceTree = "<group>"; };
		925726AF1E820D2A00A6B912 /* Assets.xcassets */ = {isa = PBXFileReference; lastKnownFileType = folder.assetcatalog; path = Assets.xcassets; sourceTree = "<group>"; };
		925726B21E820D2A00A6B912 /* Base */ = {isa = PBXFileReference; lastKnownFileType = file.storyboard; name = Base; path = Base.lproj/LaunchScreen.storyboard; sourceTree = "<group>"; };
		925726B41E820D2A00A6B912 /* Info.plist */ = {isa = PBXFileReference; lastKnownFileType = text.plist.xml; path = Info.plist; sourceTree = "<group>"; };
/* End PBXFileReference section */

/* Begin PBXFrameworksBuildPhase section */
		925726A21E820D2A00A6B912 /* Frameworks */ = {
			isa = PBXFrameworksBuildPhase;
			buildActionMask = 2147483647;
			files = (
			);
			runOnlyForDeploymentPostprocessing = 0;
		};
/* End PBXFrameworksBuildPhase section */

/* Begin PBXGroup section */
		9257269C1E820D2A00A6B912 = {
			isa = PBXGroup;
			children = (
				925726A71E820D2A00A6B912 /* LoginHelper */,
				925726A61E820D2A00A6B912 /* Products */,
			);
			sourceTree = "<group>";
		};
		925726A61E820D2A00A6B912 /* Products */ = {
			isa = PBXGroup;
			children = (
				925726A51E820D2A00A6B912 /* LoginHelper.app */,
			);
			name = Products;
			sourceTree = "<group>";
		};
		925726A71E820D2A00A6B912 /* LoginHelper */ = {
			isa = PBXGroup;
			children = (
				925726A81E820D2A00A6B912 /* AppDelegate.swift */,
				925726AA1E820D2A00A6B912 /* ViewController.swift */,
				925726AC1E820D2A00A6B912 /* Main.storyboard */,
				925726AF1E820D2A00A6B912 /* Assets.xcassets */,
				925726B11E820D2A00A6B912 /* LaunchScreen.storyboard */,
				925726B41E820D2A00A6B912 /* Info.plist */,
			);
			path = LoginHelper;
			sourceTree = "<group>";
		};
/* End PBXGroup section */

/* Begin PBXNativeTarget section */
		925726A41E820D2A00A6B912 /* LoginHelper */ = {
			isa = PBXNativeTarget;
			buildConfigurationList = 925726B71E820D2A00A6B912 /* Build configuration list for PBXNativeTarget "LoginHelper" */;
			buildPhases = (
				925726A11E820D2A00A6B912 /* Sources */,
				925726A21E820D2A00A6B912 /* Frameworks */,
				925726A31E820D2A00A6B912 /* Resources */,
			);
			buildRules = (
			);
			dependencies = (
			);
			name = LoginHelper;
			productName = LoginHelper;
			productReference = 925726A51E820D2A00A6B912 /* LoginHelper.app */;
			productType = "com.apple.product-type.application";
		};
/* End PBXNativeTarget section */

/* Begin PBXProject section */
		9257269D1E820D2A00A6B912 /* Project object */ = {
			isa = PBXProject;
			attributes = {
				LastSwiftUpdateCheck = 0830;
				LastUpgradeCheck = 0830;
				ORGANIZATIONNAME = Anthony;
				TargetAttributes = {
					925726A41E820D2A00A6B912 = {
						CreatedOnToolsVersion = 8.3;
						ProvisioningStyle = Automatic;
					};
				};
			};
			buildConfigurationList = 925726A01E820D2A00A6B912 /* Build configuration list for PBXProject "LoginHelper" */;
			compatibilityVersion = "Xcode 3.2";
			developmentRegion = English;
			hasScannedForEncodings = 0;
			knownRegions = (
				en,
				Base,
			);
			mainGroup = 9257269C1E820D2A00A6B912;
			productRefGroup = 925726A61E820D2A00A6B912 /* Products */;
			projectDirPath = "";
			projectRoot = "";
			targets = (
				925726A41E820D2A00A6B912 /* LoginHelper */,
			);
		};
/* End PBXProject section */

/* Begin PBXResourcesBuildPhase section */
		925726A31E820D2A00A6B912 /* Resources */ = {
			isa = PBXResourcesBuildPhase;
			buildActionMask = 2147483647;
			files = (
				925726B31E820D2A00A6B912 /* LaunchScreen.storyboard in Resources */,
				925726B01E820D2A00A6B912 /* Assets.xcassets in Resources */,
				925726AE1E820D2A00A6B912 /* Main.storyboard in Resources */,
			);
			runOnlyForDeploymentPostprocessing = 0;
		};
/* End PBXResourcesBuildPhase section */

/* Begin PBXSourcesBuildPhase section */
		925726A11E820D2A00A6B912 /* Sources */ = {
			isa = PBXSourcesBuildPhase;
			buildActionMask = 2147483647;
			files = (
				925726AB1E820D2A00A6B912 /* ViewController.swift in Sources */,
				925726A91E820D2A00A6B912 /* AppDelegate.swift in Sources */,
			);
			runOnlyForDeploymentPostprocessing = 0;
		};
/* End PBXSourcesBuildPhase section */

/* Begin PBXVariantGroup section */
		925726AC1E820D2A00A6B912 /* Main.storyboard */ = {
			isa = PBXVariantGroup;
			children = (
				925726AD1E820D2A00A6B912 /* Base */,
			);
			name = Main.storyboard;
			sourceTree = "<group>";
		};
		925726B11E820D2A00A6B912 /* LaunchScreen.storyboard */ = {
			isa = PBXVariantGroup;
			children = (
				925726B21E820D2A00A6B912 /* Base */,
			);
			name = LaunchScreen.storyboard;
			sourceTree = "<group>";
		};
/* End PBXVariantGroup section */

/* Begin XCBuildConfiguration section */
		925726B51E820D2A00A6B912 /* Debug */ = {
			isa = XCBuildConfiguration;
			buildSettings = {
				ALWAYS_SEARCH_USER_PATHS = NO;
				CLANG_ANALYZER_NONNULL = YES;
				CLANG_ANALYZER_NUMBER_OBJECT_CONVERSION = YES_AGGRESSIVE;
				CLANG_CXX_LANGUAGE_STANDARD = "gnu++0x";
				CLANG_CXX_LIBRARY = "libc++";
				CLANG_ENABLE_MODULES = YES;
				CLANG_ENABLE_OBJC_ARC = YES;
				CLANG_WARN_BOOL_CONVERSION = YES;
				CLANG_WARN_CONSTANT_CONVERSION = YES;
				CLANG_WARN_DIRECT_OBJC_ISA_USAGE = YES_ERROR;
				CLANG_WARN_DOCUMENTATION_COMMENTS = YES;
				CLANG_WARN_EMPTY_BODY = YES;
				CLANG_WARN_ENUM_CONVERSION = YES;
				CLANG_WARN_INFINITE_RECURSION = YES;
				CLANG_WARN_INT_CONVERSION = YES;
				CLANG_WARN_OBJC_ROOT_CLASS = YES_ERROR;
				CLANG_WARN_SUSPICIOUS_MOVE = YES;
				CLANG_WARN_UNREACHABLE_CODE = YES;
				CLANG_WARN__DUPLICATE_METHOD_MATCH = YES;
				"CODE_SIGN_IDENTITY[sdk=iphoneos*]" = "iPhone Developer";
				COPY_PHASE_STRIP = NO;
				DEBUG_INFORMATION_FORMAT = dwarf;
				ENABLE_STRICT_OBJC_MSGSEND = YES;
				ENABLE_TESTABILITY = YES;
				GCC_C_LANGUAGE_STANDARD = gnu99;
				GCC_DYNAMIC_NO_PIC = NO;
				GCC_NO_COMMON_BLOCKS = YES;
				GCC_OPTIMIZATION_LEVEL = 0;
				GCC_PREPROCESSOR_DEFINITIONS = (
					"DEBUG=1",
					"$(inherited)",
				);
				GCC_WARN_64_TO_32_BIT_CONVERSION = YES;
				GCC_WARN_ABOUT_RETURN_TYPE = YES_ERROR;
				GCC_WARN_UNDECLARED_SELECTOR = YES;
				GCC_WARN_UNINITIALIZED_AUTOS = YES_AGGRESSIVE;
				GCC_WARN_UNUSED_FUNCTION = YES;
				GCC_WARN_UNUSED_VARIABLE = YES;
				IPHONEOS_DEPLOYMENT_TARGET = 10.3;
				MTL_ENABLE_DEBUG_INFO = YES;
				ONLY_ACTIVE_ARCH = YES;
				SDKROOT = iphoneos;
				SWIFT_ACTIVE_COMPILATION_CONDITIONS = DEBUG;
				SWIFT_OPTIMIZATION_LEVEL = "-Onone";
				TARGETED_DEVICE_FAMILY = 2;
			};
			name = Debug;
		};
		925726B61E820D2A00A6B912 /* Release */ = {
			isa = XCBuildConfiguration;
			buildSettings = {
				ALWAYS_SEARCH_USER_PATHS = NO;
				CLANG_ANALYZER_NONNULL = YES;
				CLANG_ANALYZER_NUMBER_OBJECT_CONVERSION = YES_AGGRESSIVE;
				CLANG_CXX_LANGUAGE_STANDARD = "gnu++0x";
				CLANG_CXX_LIBRARY = "libc++";
				CLANG_ENABLE_MODULES = YES;
				CLANG_ENABLE_OBJC_ARC = YES;
				CLANG_WARN_BOOL_CONVERSION = YES;
				CLANG_WARN_CONSTANT_CONVERSION = YES;
				CLANG_WARN_DIRECT_OBJC_ISA_USAGE = YES_ERROR;
				CLANG_WARN_DOCUMENTATION_COMMENTS = YES;
				CLANG_WARN_EMPTY_BODY = YES;
				CLANG_WARN_ENUM_CONVERSION = YES;
				CLANG_WARN_INFINITE_RECURSION = YES;
				CLANG_WARN_INT_CONVERSION = YES;
				CLANG_WARN_OBJC_ROOT_CLASS = YES_ERROR;
				CLANG_WARN_SUSPICIOUS_MOVE = YES;
				CLANG_WARN_UNREACHABLE_CODE = YES;
				CLANG_WARN__DUPLICATE_METHOD_MATCH = YES;
				"CODE_SIGN_IDENTITY[sdk=iphoneos*]" = "iPhone Developer";
				COPY_PHASE_STRIP = NO;
				DEBUG_INFORMATION_FORMAT = "dwarf-with-dsym";
				ENABLE_NS_ASSERTIONS = NO;
				ENABLE_STRICT_OBJC_MSGSEND = YES;
				GCC_C_LANGUAGE_STANDARD = gnu99;
				GCC_NO_COMMON_BLOCKS = YES;
				GCC_WARN_64_TO_32_BIT_CONVERSION = YES;
				GCC_WARN_ABOUT_RETURN_TYPE = YES_ERROR;
				GCC_WARN_UNDECLARED_SELECTOR = YES;
				GCC_WARN_UNINITIALIZED_AUTOS = YES_AGGRESSIVE;
				GCC_WARN_UNUSED_FUNCTION = YES;
				GCC_WARN_UNUSED_VARIABLE = YES;
				IPHONEOS_DEPLOYMENT_TARGET = 10.3;
				MTL_ENABLE_DEBUG_INFO = NO;
				SDKROOT = iphoneos;
				SWIFT_OPTIMIZATION_LEVEL = "-Owholemodule";
				TARGETED_DEVICE_FAMILY = 2;
				VALIDATE_PRODUCT = YES;
			};
			name = Release;
		};
		925726B81E820D2A00A6B912 /* Debug */ = {
			isa = XCBuildConfiguration;
			buildSettings = {
				ASSETCATALOG_COMPILER_APPICON_NAME = AppIcon;
				INFOPLIST_FILE = LoginHelper/Info.plist;
				LD_RUNPATH_SEARCH_PATHS = "$(inherited) @executable_path/Frameworks";
				PRODUCT_BUNDLE_IDENTIFIER = appalgorithm.com.LoginHelper;
				PRODUCT_NAME = "$(TARGET_NAME)";
				SWIFT_VERSION = 3.0;
			};
			name = Debug;
		};
		925726B91E820D2A00A6B912 /* Release */ = {
			isa = XCBuildConfiguration;
			buildSettings = {
				ASSETCATALOG_COMPILER_APPICON_NAME = AppIcon;
				INFOPLIST_FILE = LoginHelper/Info.plist;
				LD_RUNPATH_SEARCH_PATHS = "$(inherited) @executable_path/Frameworks";
				PRODUCT_BUNDLE_IDENTIFIER = appalgorithm.com.LoginHelper;
				PRODUCT_NAME = "$(TARGET_NAME)";
				SWIFT_VERSION = 3.0;
			};
			name = Release;
		};
/* End XCBuildConfiguration section */

/* Begin XCConfigurationList section */
		925726A01E820D2A00A6B912 /* Build configuration list for PBXProject "LoginHelper" */ = {
			isa = XCConfigurationList;
			buildConfigurations = (
				925726B51E820D2A00A6B912 /* Debug */,
				925726B61E820D2A00A6B912 /* Release */,
			);
			defaultConfigurationIsVisible = 0;
			defaultConfigurationName = Release;
		};
		925726B71E820D2A00A6B912 /* Build configuration list for PBXNativeTarget "LoginHelper" */ = {
			isa = XCConfigurationList;
			buildConfigurations = (
				925726B81E820D2A00A6B912 /* Debug */,
				925726B91E820D2A00A6B912 /* Release */,
			);
			defaultConfigurationIsVisible = 0;
		};
/* End XCConfigurationList section */
	};
	rootObject = 9257269D1E820D2A00A6B912 /* Project object */;
}
